
Microsoft Visual Studio Solution File, Format Version 12.00
# Visual Studio 15
VisualStudioVersion = 15.0.28307.489
MinimumVisualStudioVersion = 10.0.40219.1
Project("{FAE04EC0-301F-11D3-BF4B-00C04F79EFBC}") = "ECommerceStore", "ECommerceStore\ECommerceStore.csproj", "{3FE5F545-7D18-44BE-8085-9189CBCD225C}"
EndProject
Global
	GlobalSection(SolutionConfigurationPlatforms) = preSolution
		Debug|Any CPU = Debug|Any CPU
		Release|Any CPU = Release|Any CPU
	EndGlobalSection
	GlobalSection(ProjectConfigurationPlatforms) = postSolution
		{3FE5F545-7D18-44BE-8085-9189CBCD225C}.Debug|Any CPU.ActiveCfg = Debug|Any CPU
		{3FE5F545-7D18-44BE-8085-9189CBCD225C}.Debug|Any CPU.Build.0 = Debug|Any CPU
		{3FE5F545-7D18-44BE-8085-9189CBCD225C}.Release|Any CPU.ActiveCfg = Release|Any CPU
		{3FE5F545-7D18-44BE-8085-9189CBCD225C}.Release|Any CPU.Build.0 = Release|Any CPU
	EndGlobalSection
	GlobalSection(SolutionProperties) = preSolution
		HideSolutionNode = FALSE
	EndGlobalSection
	GlobalSection(ExtensibilityGlobals) = postSolution
		SolutionGuid = {7D2068F5-ADB8-419E-AF67-CD0F476BB1FE}
	EndGlobalSection
EndGlobal
